
Microsoft Visual Studio Solution File, Format Version 12.00
# Visual Studio Version 17
VisualStudioVersion = 17.12.35707.178
MinimumVisualStudioVersion = 10.0.40219.1
Project("{FAE04EC0-301F-11D3-BF4B-00C04F79EFBC}") = "HelloApp", "HelloApp.csproj", "{707A30C4-463A-4F2F-B148-E59FB12C4AC7}"
EndProject
Project("{FAE04EC0-301F-11D3-BF4B-00C04F79EFBC}") = "BusinessLayer", "..\BusinessLayer\BusinessLayer.csproj", "{3B730D3A-9775-4C11-8B73-2F770D8EFED5}"
EndProject
Project("{FAE04EC0-301F-11D3-BF4B-00C04F79EFBC}") = "RepositoryLayer", "..\Repository Layer\RepositoryLayer.csproj", "{060AC26B-95A1-42F6-ABB7-ECCBD41F4EFC}"
EndProject
Project("{FAE04EC0-301F-11D3-BF4B-00C04F79EFBC}") = "ModelLayer", "..\ModelLayer\ModelLayer.csproj", "{06212532-0AEC-4358-A7E1-677A9BDA1C5C}"
EndProject
Global
	GlobalSection(SolutionConfigurationPlatforms) = preSolution
		Debug|Any CPU = Debug|Any CPU
		Release|Any CPU = Release|Any CPU
	EndGlobalSection
	GlobalSection(ProjectConfigurationPlatforms) = postSolution
		{707A30C4-463A-4F2F-B148-E59FB12C4AC7}.Debug|Any CPU.ActiveCfg = Debug|Any CPU
		{707A30C4-463A-4F2F-B148-E59FB12C4AC7}.Debug|Any CPU.Build.0 = Debug|Any CPU
		{707A30C4-463A-4F2F-B148-E59FB12C4AC7}.Release|Any CPU.ActiveCfg = Release|Any CPU
		{707A30C4-463A-4F2F-B148-E59FB12C4AC7}.Release|Any CPU.Build.0 = Release|Any CPU
		{3B730D3A-9775-4C11-8B73-2F770D8EFED5}.Debug|Any CPU.ActiveCfg = Debug|Any CPU
		{3B730D3A-9775-4C11-8B73-2F770D8EFED5}.Debug|Any CPU.Build.0 = Debug|Any CPU
		{3B730D3A-9775-4C11-8B73-2F770D8EFED5}.Release|Any CPU.ActiveCfg = Release|Any CPU
		{3B730D3A-9775-4C11-8B73-2F770D8EFED5}.Release|Any CPU.Build.0 = Release|Any CPU
		{060AC26B-95A1-42F6-ABB7-ECCBD41F4EFC}.Debug|Any CPU.ActiveCfg = Debug|Any CPU
		{060AC26B-95A1-42F6-ABB7-ECCBD41F4EFC}.Debug|Any CPU.Build.0 = Debug|Any CPU
		{060AC26B-95A1-42F6-ABB7-ECCBD41F4EFC}.Release|Any CPU.ActiveCfg = Release|Any CPU
		{060AC26B-95A1-42F6-ABB7-ECCBD41F4EFC}.Release|Any CPU.Build.0 = Release|Any CPU
		{06212532-0AEC-4358-A7E1-677A9BDA1C5C}.Debug|Any CPU.ActiveCfg = Debug|Any CPU
		{06212532-0AEC-4358-A7E1-677A9BDA1C5C}.Debug|Any CPU.Build.0 = Debug|Any CPU
		{06212532-0AEC-4358-A7E1-677A9BDA1C5C}.Release|Any CPU.ActiveCfg = Release|Any CPU
		{06212532-0AEC-4358-A7E1-677A9BDA1C5C}.Release|Any CPU.Build.0 = Release|Any CPU
	EndGlobalSection
	GlobalSection(SolutionProperties) = preSolution
		HideSolutionNode = FALSE
	EndGlobalSection
EndGlobal
