
Microsoft Visual Studio Solution File, Format Version 12.00
# Visual Studio Version 17
VisualStudioVersion = 17.12.35707.178
MinimumVisualStudioVersion = 10.0.40219.1
Project("{FAE04EC0-301F-11D3-BF4B-00C04F79EFBC}") = "UserRegistration", "UserRegistration.csproj", "{6E7C8BA1-BAD6-4F31-9C0C-3A279E96EC38}"
EndProject
Project("{FAE04EC0-301F-11D3-BF4B-00C04F79EFBC}") = "BusinessLayer", "..\BusinessLayer\BusinessLayer.csproj", "{1E0FBC8E-7A8D-4357-BC94-EC700517EC18}"
EndProject
Project("{FAE04EC0-301F-11D3-BF4B-00C04F79EFBC}") = "RepositoryLayer", "..\RepositoryLayer\RepositoryLayer.csproj", "{D8AB8A8A-359E-4300-A143-ADCDE0FA0060}"
EndProject
Project("{FAE04EC0-301F-11D3-BF4B-00C04F79EFBC}") = "ModelLayer", "..\ModelLayer\ModelLayer.csproj", "{5AA9512B-184B-45FC-9D49-40A94AF64A7C}"
EndProject
Global
	GlobalSection(SolutionConfigurationPlatforms) = preSolution
		Debug|Any CPU = Debug|Any CPU
		Release|Any CPU = Release|Any CPU
	EndGlobalSection
	GlobalSection(ProjectConfigurationPlatforms) = postSolution
		{6E7C8BA1-BAD6-4F31-9C0C-3A279E96EC38}.Debug|Any CPU.ActiveCfg = Debug|Any CPU
		{6E7C8BA1-BAD6-4F31-9C0C-3A279E96EC38}.Debug|Any CPU.Build.0 = Debug|Any CPU
		{6E7C8BA1-BAD6-4F31-9C0C-3A279E96EC38}.Release|Any CPU.ActiveCfg = Release|Any CPU
		{6E7C8BA1-BAD6-4F31-9C0C-3A279E96EC38}.Release|Any CPU.Build.0 = Release|Any CPU
		{1E0FBC8E-7A8D-4357-BC94-EC700517EC18}.Debug|Any CPU.ActiveCfg = Debug|Any CPU
		{1E0FBC8E-7A8D-4357-BC94-EC700517EC18}.Debug|Any CPU.Build.0 = Debug|Any CPU
		{1E0FBC8E-7A8D-4357-BC94-EC700517EC18}.Release|Any CPU.ActiveCfg = Release|Any CPU
		{1E0FBC8E-7A8D-4357-BC94-EC700517EC18}.Release|Any CPU.Build.0 = Release|Any CPU
		{D8AB8A8A-359E-4300-A143-ADCDE0FA0060}.Debug|Any CPU.ActiveCfg = Debug|Any CPU
		{D8AB8A8A-359E-4300-A143-ADCDE0FA0060}.Debug|Any CPU.Build.0 = Debug|Any CPU
		{D8AB8A8A-359E-4300-A143-ADCDE0FA0060}.Release|Any CPU.ActiveCfg = Release|Any CPU
		{D8AB8A8A-359E-4300-A143-ADCDE0FA0060}.Release|Any CPU.Build.0 = Release|Any CPU
		{5AA9512B-184B-45FC-9D49-40A94AF64A7C}.Debug|Any CPU.ActiveCfg = Debug|Any CPU
		{5AA9512B-184B-45FC-9D49-40A94AF64A7C}.Debug|Any CPU.Build.0 = Debug|Any CPU
		{5AA9512B-184B-45FC-9D49-40A94AF64A7C}.Release|Any CPU.ActiveCfg = Release|Any CPU
		{5AA9512B-184B-45FC-9D49-40A94AF64A7C}.Release|Any CPU.Build.0 = Release|Any CPU
	EndGlobalSection
	GlobalSection(SolutionProperties) = preSolution
		HideSolutionNode = FALSE
	EndGlobalSection
EndGlobal
